
Microsoft Visual Studio Solution File, Format Version 12.00
# Visual Studio Version 17
VisualStudioVersion = 17.0.31903.59
MinimumVisualStudioVersion = 10.0.40219.1
Project("{FAE04EC0-301F-11D3-BF4B-00C04F79EFBC}") = "Courier.Net", "Courier.Net\Courier.Net.csproj", "{8231E3B1-B499-47C0-81BE-67BBBBD8DB5D}"
EndProject
Project("{FAE04EC0-301F-11D3-BF4B-00C04F79EFBC}") = "Courier.Net.Test", "Courier.Net.Test\Courier.Net.Test.csproj", "{1423926C-7497-422C-8EE0-9C771FAE7576}"
EndProject
Global
	GlobalSection(SolutionConfigurationPlatforms) = preSolution
		Debug|Any CPU = Debug|Any CPU
		Release|Any CPU = Release|Any CPU
	EndGlobalSection
	GlobalSection(SolutionProperties) = preSolution
		HideSolutionNode = FALSE
	EndGlobalSection
	GlobalSection(ProjectConfigurationPlatforms) = postSolution
		{8231E3B1-B499-47C0-81BE-67BBBBD8DB5D}.Debug|Any CPU.ActiveCfg = Debug|Any CPU
		{8231E3B1-B499-47C0-81BE-67BBBBD8DB5D}.Debug|Any CPU.Build.0 = Debug|Any CPU
		{8231E3B1-B499-47C0-81BE-67BBBBD8DB5D}.Release|Any CPU.ActiveCfg = Release|Any CPU
		{8231E3B1-B499-47C0-81BE-67BBBBD8DB5D}.Release|Any CPU.Build.0 = Release|Any CPU
		{1423926C-7497-422C-8EE0-9C771FAE7576}.Debug|Any CPU.ActiveCfg = Debug|Any CPU
		{1423926C-7497-422C-8EE0-9C771FAE7576}.Debug|Any CPU.Build.0 = Debug|Any CPU
		{1423926C-7497-422C-8EE0-9C771FAE7576}.Release|Any CPU.ActiveCfg = Release|Any CPU
		{1423926C-7497-422C-8EE0-9C771FAE7576}.Release|Any CPU.Build.0 = Release|Any CPU
	EndGlobalSection
EndGlobal
