
Microsoft Visual Studio Solution File, Format Version 12.00
# Visual Studio Version 17
VisualStudioVersion = 17.0.31903.59
MinimumVisualStudioVersion = 10.0.40219.1
Project("{FAE04EC0-301F-11D3-BF4B-00C04F79EFBC}") = "Courier.Client", "Courier.Client\Courier.Client.csproj", "{A6DE2B75-7B5F-45FE-B453-DECA52A557D7}"
EndProject
Project("{FAE04EC0-301F-11D3-BF4B-00C04F79EFBC}") = "Courier.Client.Test", "Courier.Client.Test\Courier.Client.Test.csproj", "{BAE251F8-CB21-40F2-908B-61A197EC5381}"
EndProject
Global
	GlobalSection(SolutionConfigurationPlatforms) = preSolution
		Debug|Any CPU = Debug|Any CPU
		Release|Any CPU = Release|Any CPU
	EndGlobalSection
	GlobalSection(SolutionProperties) = preSolution
		HideSolutionNode = FALSE
	EndGlobalSection
	GlobalSection(ProjectConfigurationPlatforms) = postSolution
		{A6DE2B75-7B5F-45FE-B453-DECA52A557D7}.Debug|Any CPU.ActiveCfg = Debug|Any CPU
		{A6DE2B75-7B5F-45FE-B453-DECA52A557D7}.Debug|Any CPU.Build.0 = Debug|Any CPU
		{A6DE2B75-7B5F-45FE-B453-DECA52A557D7}.Release|Any CPU.ActiveCfg = Release|Any CPU
		{A6DE2B75-7B5F-45FE-B453-DECA52A557D7}.Release|Any CPU.Build.0 = Release|Any CPU
		{BAE251F8-CB21-40F2-908B-61A197EC5381}.Debug|Any CPU.ActiveCfg = Debug|Any CPU
		{BAE251F8-CB21-40F2-908B-61A197EC5381}.Debug|Any CPU.Build.0 = Debug|Any CPU
		{BAE251F8-CB21-40F2-908B-61A197EC5381}.Release|Any CPU.ActiveCfg = Release|Any CPU
		{BAE251F8-CB21-40F2-908B-61A197EC5381}.Release|Any CPU.Build.0 = Release|Any CPU
	EndGlobalSection
EndGlobal
