
Microsoft Visual Studio Solution File, Format Version 12.00
# Visual Studio Version 17
VisualStudioVersion = 17.0.31903.59
MinimumVisualStudioVersion = 10.0.40219.1
Project("{FAE04EC0-301F-11D3-BF4B-00C04F79EFBC}") = "Courier.Net", "Courier.Net\Courier.Net.csproj", "{037C2B13-A626-4EE1-B4BE-02225BCDB608}"
EndProject
Project("{FAE04EC0-301F-11D3-BF4B-00C04F79EFBC}") = "Courier.Net.Test", "Courier.Net.Test\Courier.Net.Test.csproj", "{3B3A3F0D-82E0-4773-9BCC-7D40C1E8EF49}"
EndProject
Global
	GlobalSection(SolutionConfigurationPlatforms) = preSolution
		Debug|Any CPU = Debug|Any CPU
		Release|Any CPU = Release|Any CPU
	EndGlobalSection
	GlobalSection(SolutionProperties) = preSolution
		HideSolutionNode = FALSE
	EndGlobalSection
	GlobalSection(ProjectConfigurationPlatforms) = postSolution
		{037C2B13-A626-4EE1-B4BE-02225BCDB608}.Debug|Any CPU.ActiveCfg = Debug|Any CPU
		{037C2B13-A626-4EE1-B4BE-02225BCDB608}.Debug|Any CPU.Build.0 = Debug|Any CPU
		{037C2B13-A626-4EE1-B4BE-02225BCDB608}.Release|Any CPU.ActiveCfg = Release|Any CPU
		{037C2B13-A626-4EE1-B4BE-02225BCDB608}.Release|Any CPU.Build.0 = Release|Any CPU
		{3B3A3F0D-82E0-4773-9BCC-7D40C1E8EF49}.Debug|Any CPU.ActiveCfg = Debug|Any CPU
		{3B3A3F0D-82E0-4773-9BCC-7D40C1E8EF49}.Debug|Any CPU.Build.0 = Debug|Any CPU
		{3B3A3F0D-82E0-4773-9BCC-7D40C1E8EF49}.Release|Any CPU.ActiveCfg = Release|Any CPU
		{3B3A3F0D-82E0-4773-9BCC-7D40C1E8EF49}.Release|Any CPU.Build.0 = Release|Any CPU
	EndGlobalSection
EndGlobal
